{
  "name": "allindiakkms-cms-assets",
  "version": "1.0.0",
  "lockfileVersion": 3,
  "requires": true,
  "packages": {
    "": {
      "name": "allindiakkms-cms-assets",
      "version": "1.0.0",
      "devDependencies": {
        "@sveltia/cms": "0.167.3"
      }
    },
    "node_modules/@sveltia/cms": {
      "version": "0.167.3",
      "resolved": "https://registry.npmjs.org/@sveltia/cms/-/cms-0.167.3.tgz",
      "integrity": "sha512-pSTP3bwbChr+D60MM4fEsaDGfB2xTXKNZVDhhced4nm+9Hnwgdw/aJizjUehnsUnrjjlBzpyac+OjJKLu7TYlw==",
      "dev": true,
      "license": "MIT",
      "funding": {
        "type": "github",
        "url": "https://github.com/sponsors/kyoshino"
      }
    }
  }
}
